
Microsoft Visual Studio Solution File, Format Version 12.00
# Visual Studio Version 16
VisualStudioVersion = 16.0.31129.286
MinimumVisualStudioVersion = 10.0.40219.1
Project("{FAE04EC0-301F-11D3-BF4B-00C04F79EFBC}") = "TwaceServer.Server", "TwaceServer\Server\TwaceServer.Server.csproj", "{812AA87F-7D98-4FDD-873F-07D5B4AF94C1}"
EndProject
Project("{FAE04EC0-301F-11D3-BF4B-00C04F79EFBC}") = "TwaceServer.Client", "TwaceServer\Client\TwaceServer.Client.csproj", "{A5468BDD-607D-4FC4-ACBA-CFC7EFE8956D}"
EndProject
Project("{FAE04EC0-301F-11D3-BF4B-00C04F79EFBC}") = "TwaceServer.Shared", "TwaceServer\Shared\TwaceServer.Shared.csproj", "{61A33990-029B-4722-9F20-0EB17BBE10B5}"
EndProject
Global
	GlobalSection(SolutionConfigurationPlatforms) = preSolution
		Debug|Any CPU = Debug|Any CPU
		Release|Any CPU = Release|Any CPU
	EndGlobalSection
	GlobalSection(ProjectConfigurationPlatforms) = postSolution
		{812AA87F-7D98-4FDD-873F-07D5B4AF94C1}.Debug|Any CPU.ActiveCfg = Debug|Any CPU
		{812AA87F-7D98-4FDD-873F-07D5B4AF94C1}.Debug|Any CPU.Build.0 = Debug|Any CPU
		{812AA87F-7D98-4FDD-873F-07D5B4AF94C1}.Release|Any CPU.ActiveCfg = Release|Any CPU
		{812AA87F-7D98-4FDD-873F-07D5B4AF94C1}.Release|Any CPU.Build.0 = Release|Any CPU
		{A5468BDD-607D-4FC4-ACBA-CFC7EFE8956D}.Debug|Any CPU.ActiveCfg = Debug|Any CPU
		{A5468BDD-607D-4FC4-ACBA-CFC7EFE8956D}.Debug|Any CPU.Build.0 = Debug|Any CPU
		{A5468BDD-607D-4FC4-ACBA-CFC7EFE8956D}.Release|Any CPU.ActiveCfg = Release|Any CPU
		{A5468BDD-607D-4FC4-ACBA-CFC7EFE8956D}.Release|Any CPU.Build.0 = Release|Any CPU
		{61A33990-029B-4722-9F20-0EB17BBE10B5}.Debug|Any CPU.ActiveCfg = Debug|Any CPU
		{61A33990-029B-4722-9F20-0EB17BBE10B5}.Debug|Any CPU.Build.0 = Debug|Any CPU
		{61A33990-029B-4722-9F20-0EB17BBE10B5}.Release|Any CPU.ActiveCfg = Release|Any CPU
		{61A33990-029B-4722-9F20-0EB17BBE10B5}.Release|Any CPU.Build.0 = Release|Any CPU
	EndGlobalSection
	GlobalSection(SolutionProperties) = preSolution
		HideSolutionNode = FALSE
	EndGlobalSection
	GlobalSection(ExtensibilityGlobals) = postSolution
		SolutionGuid = {ECBFB9A4-2C87-4A25-A73D-6D2F24EE66E3}
	EndGlobalSection
EndGlobal
